// !$*UTF8*$!
{
	archiveVersion = 1;
	classes = {
	};
	objectVersion = 56;
	objects = {

/* Begin PBXBuildFile section */
		744FFEF72B79D66000E8512A /* ChartVC.swift in Sources */ = {isa = PBXBuildFile; fileRef = 744FFEF62B79D66000E8512A /* ChartVC.swift */; };
		744FFEF92B79D69F00E8512A /* ProfileVC.swift in Sources */ = {isa = PBXBuildFile; fileRef = 744FFEF82B79D69F00E8512A /* ProfileVC.swift */; };
		744FFEFD2B79D98400E8512A /* Model.swift in Sources */ = {isa = PBXBuildFile; fileRef = 744FFEFC2B79D98400E8512A /* Model.swift */; };
		744FFEFF2B79FC5C00E8512A /* CollectionViewFactory.swift in Sources */ = {isa = PBXBuildFile; fileRef = 744FFEFE2B79FC5C00E8512A /* CollectionViewFactory.swift */; };
		744FFF032B7A095000E8512A /* TaskCell.swift in Sources */ = {isa = PBXBuildFile; fileRef = 744FFF022B7A095000E8512A /* TaskCell.swift */; };
		744FFF052B7A0B4100E8512A /* Extensions.swift in Sources */ = {isa = PBXBuildFile; fileRef = 744FFF042B7A0B4100E8512A /* Extensions.swift */; };
		744FFF072B7A20C200E8512A /* SectionHeader.swift in Sources */ = {isa = PBXBuildFile; fileRef = 744FFF062B7A20C200E8512A /* SectionHeader.swift */; };
		744FFF092B7B027300E8512A /* KanbanDataSource.swift in Sources */ = {isa = PBXBuildFile; fileRef = 744FFF082B7B027300E8512A /* KanbanDataSource.swift */; };
		744FFF0C2B7B04C700E8512A /* KanbanViewModel.swift in Sources */ = {isa = PBXBuildFile; fileRef = 744FFF0B2B7B04C700E8512A /* KanbanViewModel.swift */; };
		74995BFE2B71198B00F16855 /* AppDelegate.swift in Sources */ = {isa = PBXBuildFile; fileRef = 74995BFD2B71198B00F16855 /* AppDelegate.swift */; };
		74995C002B71198B00F16855 /* SceneDelegate.swift in Sources */ = {isa = PBXBuildFile; fileRef = 74995BFF2B71198B00F16855 /* SceneDelegate.swift */; };
		74995C022B71198B00F16855 /* KanbanVC.swift in Sources */ = {isa = PBXBuildFile; fileRef = 74995C012B71198B00F16855 /* KanbanVC.swift */; };
		74995C052B71198B00F16855 /* Main.storyboard in Resources */ = {isa = PBXBuildFile; fileRef = 74995C032B71198B00F16855 /* Main.storyboard */; };
		74995C072B71198C00F16855 /* Assets.xcassets in Resources */ = {isa = PBXBuildFile; fileRef = 74995C062B71198C00F16855 /* Assets.xcassets */; };
		74995C0A2B71198C00F16855 /* LaunchScreen.storyboard in Resources */ = {isa = PBXBuildFile; fileRef = 74995C082B71198C00F16855 /* LaunchScreen.storyboard */; };
		74995C122B711BF900F16855 /* TabbarController.swift in Sources */ = {isa = PBXBuildFile; fileRef = 74995C112B711BF900F16855 /* TabbarController.swift */; };
		74DC644A2B805BF300E4DE5A /* UtilityCell.swift in Sources */ = {isa = PBXBuildFile; fileRef = 74DC64492B805BF300E4DE5A /* UtilityCell.swift */; };
		74DC644D2B8060E200E4DE5A /* CellFactory.swift in Sources */ = {isa = PBXBuildFile; fileRef = 74DC644C2B8060E200E4DE5A /* CellFactory.swift */; };
		74EE7E012B7C437C00B1FDE7 /* MenuFactory.swift in Sources */ = {isa = PBXBuildFile; fileRef = 74EE7E002B7C437C00B1FDE7 /* MenuFactory.swift */; };
		74EE7E032B7C96DD00B1FDE7 /* Box.swift in Sources */ = {isa = PBXBuildFile; fileRef = 74EE7E022B7C96DD00B1FDE7 /* Box.swift */; };
		C4808D23D2CD2560BDD647B3 /* Pods_TimeCanvas.framework in Frameworks */ = {isa = PBXBuildFile; fileRef = BA58AD5755F7A1789DAA00C0 /* Pods_TimeCanvas.framework */; };
/* End PBXBuildFile section */

/* Begin PBXFileReference section */
		744FFEF62B79D66000E8512A /* ChartVC.swift */ = {isa = PBXFileReference; lastKnownFileType = sourcecode.swift; path = ChartVC.swift; sourceTree = "<group>"; };
		744FFEF82B79D69F00E8512A /* ProfileVC.swift */ = {isa = PBXFileReference; lastKnownFileType = sourcecode.swift; path = ProfileVC.swift; sourceTree = "<group>"; };
		744FFEFC2B79D98400E8512A /* Model.swift */ = {isa = PBXFileReference; lastKnownFileType = sourcecode.swift; path = Model.swift; sourceTree = "<group>"; };
		744FFEFE2B79FC5C00E8512A /* CollectionViewFactory.swift */ = {isa = PBXFileReference; lastKnownFileType = sourcecode.swift; path = CollectionViewFactory.swift; sourceTree = "<group>"; };
		744FFF022B7A095000E8512A /* TaskCell.swift */ = {isa = PBXFileReference; lastKnownFileType = sourcecode.swift; path = TaskCell.swift; sourceTree = "<group>"; };
		744FFF042B7A0B4100E8512A /* Extensions.swift */ = {isa = PBXFileReference; lastKnownFileType = sourcecode.swift; path = Extensions.swift; sourceTree = "<group>"; };
		744FFF062B7A20C200E8512A /* SectionHeader.swift */ = {isa = PBXFileReference; lastKnownFileType = sourcecode.swift; path = SectionHeader.swift; sourceTree = "<group>"; };
		744FFF082B7B027300E8512A /* KanbanDataSource.swift */ = {isa = PBXFileReference; lastKnownFileType = sourcecode.swift; path = KanbanDataSource.swift; sourceTree = "<group>"; };
		744FFF0B2B7B04C700E8512A /* KanbanViewModel.swift */ = {isa = PBXFileReference; lastKnownFileType = sourcecode.swift; path = KanbanViewModel.swift; sourceTree = "<group>"; };
		74995BFA2B71198B00F16855 /* TimeCanvas.app */ = {isa = PBXFileReference; explicitFileType = wrapper.application; includeInIndex = 0; path = TimeCanvas.app; sourceTree = BUILT_PRODUCTS_DIR; };
		74995BFD2B71198B00F16855 /* AppDelegate.swift */ = {isa = PBXFileReference; lastKnownFileType = sourcecode.swift; path = AppDelegate.swift; sourceTree = "<group>"; };
		74995BFF2B71198B00F16855 /* SceneDelegate.swift */ = {isa = PBXFileReference; lastKnownFileType = sourcecode.swift; path = SceneDelegate.swift; sourceTree = "<group>"; };
		74995C012B71198B00F16855 /* KanbanVC.swift */ = {isa = PBXFileReference; lastKnownFileType = sourcecode.swift; path = KanbanVC.swift; sourceTree = "<group>"; };
		74995C042B71198B00F16855 /* Base */ = {isa = PBXFileReference; lastKnownFileType = file.storyboard; name = Base; path = Base.lproj/Main.storyboard; sourceTree = "<group>"; };
		74995C062B71198C00F16855 /* Assets.xcassets */ = {isa = PBXFileReference; lastKnownFileType = folder.assetcatalog; path = Assets.xcassets; sourceTree = "<group>"; };
		74995C092B71198C00F16855 /* Base */ = {isa = PBXFileReference; lastKnownFileType = file.storyboard; name = Base; path = Base.lproj/LaunchScreen.storyboard; sourceTree = "<group>"; };
		74995C0B2B71198C00F16855 /* Info.plist */ = {isa = PBXFileReference; lastKnownFileType = text.plist.xml; path = Info.plist; sourceTree = "<group>"; };
		74995C112B711BF900F16855 /* TabbarController.swift */ = {isa = PBXFileReference; lastKnownFileType = sourcecode.swift; path = TabbarController.swift; sourceTree = "<group>"; };
		74DC64492B805BF300E4DE5A /* UtilityCell.swift */ = {isa = PBXFileReference; lastKnownFileType = sourcecode.swift; path = UtilityCell.swift; sourceTree = "<group>"; };
		74DC644C2B8060E200E4DE5A /* CellFactory.swift */ = {isa = PBXFileReference; lastKnownFileType = sourcecode.swift; path = CellFactory.swift; sourceTree = "<group>"; };
		74EE7E002B7C437C00B1FDE7 /* MenuFactory.swift */ = {isa = PBXFileReference; lastKnownFileType = sourcecode.swift; path = MenuFactory.swift; sourceTree = "<group>"; };
		74EE7E022B7C96DD00B1FDE7 /* Box.swift */ = {isa = PBXFileReference; lastKnownFileType = sourcecode.swift; path = Box.swift; sourceTree = "<group>"; };
		8B86500E25CC323173EF07DF /* Pods-TimeCanvas.debug.xcconfig */ = {isa = PBXFileReference; includeInIndex = 1; lastKnownFileType = text.xcconfig; name = "Pods-TimeCanvas.debug.xcconfig"; path = "Target Support Files/Pods-TimeCanvas/Pods-TimeCanvas.debug.xcconfig"; sourceTree = "<group>"; };
		BA58AD5755F7A1789DAA00C0 /* Pods_TimeCanvas.framework */ = {isa = PBXFileReference; explicitFileType = wrapper.framework; includeInIndex = 0; path = Pods_TimeCanvas.framework; sourceTree = BUILT_PRODUCTS_DIR; };
		C5C4D301BD0F30DBB79E8F2E /* Pods-TimeCanvas.release.xcconfig */ = {isa = PBXFileReference; includeInIndex = 1; lastKnownFileType = text.xcconfig; name = "Pods-TimeCanvas.release.xcconfig"; path = "Target Support Files/Pods-TimeCanvas/Pods-TimeCanvas.release.xcconfig"; sourceTree = "<group>"; };
/* End PBXFileReference section */

/* Begin PBXFrameworksBuildPhase section */
		74995BF72B71198B00F16855 /* Frameworks */ = {
			isa = PBXFrameworksBuildPhase;
			buildActionMask = 2147483647;
			files = (
				C4808D23D2CD2560BDD647B3 /* Pods_TimeCanvas.framework in Frameworks */,
			);
			runOnlyForDeploymentPostprocessing = 0;
		};
/* End PBXFrameworksBuildPhase section */

/* Begin PBXGroup section */
		534180E549A5E0C904B43FAE /* Pods */ = {
			isa = PBXGroup;
			children = (
				8B86500E25CC323173EF07DF /* Pods-TimeCanvas.debug.xcconfig */,
				C5C4D301BD0F30DBB79E8F2E /* Pods-TimeCanvas.release.xcconfig */,
			);
			path = Pods;
			sourceTree = "<group>";
		};
		744FFEF52B79D41A00E8512A /* Kanban */ = {
			isa = PBXGroup;
			children = (
				744FFF0A2B7B04B200E8512A /* View */,
				744FFEFE2B79FC5C00E8512A /* CollectionViewFactory.swift */,
				74DC644C2B8060E200E4DE5A /* CellFactory.swift */,
				74EE7E002B7C437C00B1FDE7 /* MenuFactory.swift */,
				744FFF082B7B027300E8512A /* KanbanDataSource.swift */,
				744FFF0B2B7B04C700E8512A /* KanbanViewModel.swift */,
			);
			path = Kanban;
			sourceTree = "<group>";
		};
		744FFEFB2B79D96F00E8512A /* Model */ = {
			isa = PBXGroup;
			children = (
				744FFEFC2B79D98400E8512A /* Model.swift */,
			);
			path = Model;
			sourceTree = "<group>";
		};
		744FFF0A2B7B04B200E8512A /* View */ = {
			isa = PBXGroup;
			children = (
				744FFF062B7A20C200E8512A /* SectionHeader.swift */,
				744FFF022B7A095000E8512A /* TaskCell.swift */,
				74995C012B71198B00F16855 /* KanbanVC.swift */,
				74DC64492B805BF300E4DE5A /* UtilityCell.swift */,
			);
			path = View;
			sourceTree = "<group>";
		};
		74995BF12B71198B00F16855 = {
			isa = PBXGroup;
			children = (
				74EE7E022B7C96DD00B1FDE7 /* Box.swift */,
				74995C112B711BF900F16855 /* TabbarController.swift */,
				74995BFC2B71198B00F16855 /* TimeCanvas */,
				74995BFB2B71198B00F16855 /* Products */,
				534180E549A5E0C904B43FAE /* Pods */,
				ACEA3BD66CD90FF3AD84F4FD /* Frameworks */,
			);
			sourceTree = "<group>";
		};
		74995BFB2B71198B00F16855 /* Products */ = {
			isa = PBXGroup;
			children = (
				74995BFA2B71198B00F16855 /* TimeCanvas.app */,
			);
			name = Products;
			sourceTree = "<group>";
		};
		74995BFC2B71198B00F16855 /* TimeCanvas */ = {
			isa = PBXGroup;
			children = (
				744FFF042B7A0B4100E8512A /* Extensions.swift */,
				744FFEF62B79D66000E8512A /* ChartVC.swift */,
				744FFEF82B79D69F00E8512A /* ProfileVC.swift */,
				74DC644B2B8060C800E4DE5A /* Manager */,
				744FFEFB2B79D96F00E8512A /* Model */,
				744FFEF52B79D41A00E8512A /* Kanban */,
				74995BFD2B71198B00F16855 /* AppDelegate.swift */,
				74995BFF2B71198B00F16855 /* SceneDelegate.swift */,
				74995C032B71198B00F16855 /* Main.storyboard */,
				74995C062B71198C00F16855 /* Assets.xcassets */,
				74995C082B71198C00F16855 /* LaunchScreen.storyboard */,
				74995C0B2B71198C00F16855 /* Info.plist */,
			);
			path = TimeCanvas;
			sourceTree = "<group>";
		};
		74DC644B2B8060C800E4DE5A /* Manager */ = {
			isa = PBXGroup;
			children = (
			);
			path = Manager;
			sourceTree = "<group>";
		};
		ACEA3BD66CD90FF3AD84F4FD /* Frameworks */ = {
			isa = PBXGroup;
			children = (
				BA58AD5755F7A1789DAA00C0 /* Pods_TimeCanvas.framework */,
			);
			name = Frameworks;
			sourceTree = "<group>";
		};
/* End PBXGroup section */

/* Begin PBXNativeTarget section */
		74995BF92B71198B00F16855 /* TimeCanvas */ = {
			isa = PBXNativeTarget;
			buildConfigurationList = 74995C0E2B71198C00F16855 /* Build configuration list for PBXNativeTarget "TimeCanvas" */;
			buildPhases = (
				D08602944F91C74E742D81A7 /* [CP] Check Pods Manifest.lock */,
				74995BF62B71198B00F16855 /* Sources */,
				74995BF72B71198B00F16855 /* Frameworks */,
				74995BF82B71198B00F16855 /* Resources */,
				8C3CC17CDC15C06B34CE4EF9 /* [CP] Embed Pods Frameworks */,
			);
			buildRules = (
			);
			dependencies = (
			);
			name = TimeCanvas;
			productName = TimeCanvas;
			productReference = 74995BFA2B71198B00F16855 /* TimeCanvas.app */;
			productType = "com.apple.product-type.application";
		};
/* End PBXNativeTarget section */

/* Begin PBXProject section */
		74995BF22B71198B00F16855 /* Project object */ = {
			isa = PBXProject;
			attributes = {
				BuildIndependentTargetsInParallel = 1;
				LastSwiftUpdateCheck = 1520;
				LastUpgradeCheck = 1520;
				TargetAttributes = {
					74995BF92B71198B00F16855 = {
						CreatedOnToolsVersion = 15.2;
					};
				};
			};
			buildConfigurationList = 74995BF52B71198B00F16855 /* Build configuration list for PBXProject "TimeCanvas" */;
			compatibilityVersion = "Xcode 14.0";
			developmentRegion = en;
			hasScannedForEncodings = 0;
			knownRegions = (
				en,
				Base,
			);
			mainGroup = 74995BF12B71198B00F16855;
			productRefGroup = 74995BFB2B71198B00F16855 /* Products */;
			projectDirPath = "";
			projectRoot = "";
			targets = (
				74995BF92B71198B00F16855 /* TimeCanvas */,
			);
		};
/* End PBXProject section */

/* Begin PBXResourcesBuildPhase section */
		74995BF82B71198B00F16855 /* Resources */ = {
			isa = PBXResourcesBuildPhase;
			buildActionMask = 2147483647;
			files = (
				74995C0A2B71198C00F16855 /* LaunchScreen.storyboard in Resources */,
				74995C072B71198C00F16855 /* Assets.xcassets in Resources */,
				74995C052B71198B00F16855 /* Main.storyboard in Resources */,
			);
			runOnlyForDeploymentPostprocessing = 0;
		};
/* End PBXResourcesBuildPhase section */

/* Begin PBXShellScriptBuildPhase section */
		8C3CC17CDC15C06B34CE4EF9 /* [CP] Embed Pods Frameworks */ = {
			isa = PBXShellScriptBuildPhase;
			buildActionMask = 2147483647;
			files = (
			);
			inputFileListPaths = (
				"${PODS_ROOT}/Target Support Files/Pods-TimeCanvas/Pods-TimeCanvas-frameworks-${CONFIGURATION}-input-files.xcfilelist",
			);
			name = "[CP] Embed Pods Frameworks";
			outputFileListPaths = (
				"${PODS_ROOT}/Target Support Files/Pods-TimeCanvas/Pods-TimeCanvas-frameworks-${CONFIGURATION}-output-files.xcfilelist",
			);
			runOnlyForDeploymentPostprocessing = 0;
			shellPath = /bin/sh;
			shellScript = "\"${PODS_ROOT}/Target Support Files/Pods-TimeCanvas/Pods-TimeCanvas-frameworks.sh\"\n";
			showEnvVarsInLog = 0;
		};
		D08602944F91C74E742D81A7 /* [CP] Check Pods Manifest.lock */ = {
			isa = PBXShellScriptBuildPhase;
			buildActionMask = 2147483647;
			files = (
			);
			inputFileListPaths = (
			);
			inputPaths = (
				"${PODS_PODFILE_DIR_PATH}/Podfile.lock",
				"${PODS_ROOT}/Manifest.lock",
			);
			name = "[CP] Check Pods Manifest.lock";
			outputFileListPaths = (
			);
			outputPaths = (
				"$(DERIVED_FILE_DIR)/Pods-TimeCanvas-checkManifestLockResult.txt",
			);
			runOnlyForDeploymentPostprocessing = 0;
			shellPath = /bin/sh;
			shellScript = "diff \"${PODS_PODFILE_DIR_PATH}/Podfile.lock\" \"${PODS_ROOT}/Manifest.lock\" > /dev/null\nif [ $? != 0 ] ; then\n    # print error to STDERR\n    echo \"error: The sandbox is not in sync with the Podfile.lock. Run 'pod install' or update your CocoaPods installation.\" >&2\n    exit 1\nfi\n# This output is used by Xcode 'outputs' to avoid re-running this script phase.\necho \"SUCCESS\" > \"${SCRIPT_OUTPUT_FILE_0}\"\n";
			showEnvVarsInLog = 0;
		};
/* End PBXShellScriptBuildPhase section */

/* Begin PBXSourcesBuildPhase section */
		74995BF62B71198B00F16855 /* Sources */ = {
			isa = PBXSourcesBuildPhase;
			buildActionMask = 2147483647;
			files = (
				74DC644A2B805BF300E4DE5A /* UtilityCell.swift in Sources */,
				744FFEFD2B79D98400E8512A /* Model.swift in Sources */,
				744FFF052B7A0B4100E8512A /* Extensions.swift in Sources */,
				744FFEF92B79D69F00E8512A /* ProfileVC.swift in Sources */,
				744FFF092B7B027300E8512A /* KanbanDataSource.swift in Sources */,
				74995C022B71198B00F16855 /* KanbanVC.swift in Sources */,
				74995C122B711BF900F16855 /* TabbarController.swift in Sources */,
				744FFEFF2B79FC5C00E8512A /* CollectionViewFactory.swift in Sources */,
				74DC644D2B8060E200E4DE5A /* CellFactory.swift in Sources */,
				74995BFE2B71198B00F16855 /* AppDelegate.swift in Sources */,
				74995C002B71198B00F16855 /* SceneDelegate.swift in Sources */,
				74EE7E032B7C96DD00B1FDE7 /* Box.swift in Sources */,
				74EE7E012B7C437C00B1FDE7 /* MenuFactory.swift in Sources */,
				744FFF072B7A20C200E8512A /* SectionHeader.swift in Sources */,
				744FFF032B7A095000E8512A /* TaskCell.swift in Sources */,
				744FFEF72B79D66000E8512A /* ChartVC.swift in Sources */,
				744FFF0C2B7B04C700E8512A /* KanbanViewModel.swift in Sources */,
			);
			runOnlyForDeploymentPostprocessing = 0;
		};
/* End PBXSourcesBuildPhase section */

/* Begin PBXVariantGroup section */
		74995C032B71198B00F16855 /* Main.storyboard */ = {
			isa = PBXVariantGroup;
			children = (
				74995C042B71198B00F16855 /* Base */,
			);
			name = Main.storyboard;
			sourceTree = "<group>";
		};
		74995C082B71198C00F16855 /* LaunchScreen.storyboard */ = {
			isa = PBXVariantGroup;
			children = (
				74995C092B71198C00F16855 /* Base */,
			);
			name = LaunchScreen.storyboard;
			sourceTree = "<group>";
		};
/* End PBXVariantGroup section */

/* Begin XCBuildConfiguration section */
		74995C0C2B71198C00F16855 /* Debug */ = {
			isa = XCBuildConfiguration;
			buildSettings = {
				ALWAYS_SEARCH_USER_PATHS = NO;
				ASSETCATALOG_COMPILER_GENERATE_SWIFT_ASSET_SYMBOL_EXTENSIONS = YES;
				CLANG_ANALYZER_NONNULL = YES;
				CLANG_ANALYZER_NUMBER_OBJECT_CONVERSION = YES_AGGRESSIVE;
				CLANG_CXX_LANGUAGE_STANDARD = "gnu++20";
				CLANG_ENABLE_MODULES = YES;
				CLANG_ENABLE_OBJC_ARC = YES;
				CLANG_ENABLE_OBJC_WEAK = YES;
				CLANG_WARN_BLOCK_CAPTURE_AUTORELEASING = YES;
				CLANG_WARN_BOOL_CONVERSION = YES;
				CLANG_WARN_COMMA = YES;
				CLANG_WARN_CONSTANT_CONVERSION = YES;
				CLANG_WARN_DEPRECATED_OBJC_IMPLEMENTATIONS = YES;
				CLANG_WARN_DIRECT_OBJC_ISA_USAGE = YES_ERROR;
				CLANG_WARN_DOCUMENTATION_COMMENTS = YES;
				CLANG_WARN_EMPTY_BODY = YES;
				CLANG_WARN_ENUM_CONVERSION = YES;
				CLANG_WARN_INFINITE_RECURSION = YES;
				CLANG_WARN_INT_CONVERSION = YES;
				CLANG_WARN_NON_LITERAL_NULL_CONVERSION = YES;
				CLANG_WARN_OBJC_IMPLICIT_RETAIN_SELF = YES;
				CLANG_WARN_OBJC_LITERAL_CONVERSION = YES;
				CLANG_WARN_OBJC_ROOT_CLASS = YES_ERROR;
				CLANG_WARN_QUOTED_INCLUDE_IN_FRAMEWORK_HEADER = YES;
				CLANG_WARN_RANGE_LOOP_ANALYSIS = YES;
				CLANG_WARN_STRICT_PROTOTYPES = YES;
				CLANG_WARN_SUSPICIOUS_MOVE = YES;
				CLANG_WARN_UNGUARDED_AVAILABILITY = YES_AGGRESSIVE;
				CLANG_WARN_UNREACHABLE_CODE = YES;
				CLANG_WARN__DUPLICATE_METHOD_MATCH = YES;
				COPY_PHASE_STRIP = NO;
				DEBUG_INFORMATION_FORMAT = dwarf;
				ENABLE_STRICT_OBJC_MSGSEND = YES;
				ENABLE_TESTABILITY = YES;
				ENABLE_USER_SCRIPT_SANDBOXING = NO;
				GCC_C_LANGUAGE_STANDARD = gnu17;
				GCC_DYNAMIC_NO_PIC = NO;
				GCC_NO_COMMON_BLOCKS = YES;
				GCC_OPTIMIZATION_LEVEL = 0;
				GCC_PREPROCESSOR_DEFINITIONS = (
					"DEBUG=1",
					"$(inherited)",
				);
				GCC_WARN_64_TO_32_BIT_CONVERSION = YES;
				GCC_WARN_ABOUT_RETURN_TYPE = YES_ERROR;
				GCC_WARN_UNDECLARED_SELECTOR = YES;
				GCC_WARN_UNINITIALIZED_AUTOS = YES_AGGRESSIVE;
				GCC_WARN_UNUSED_FUNCTION = YES;
				GCC_WARN_UNUSED_VARIABLE = YES;
				IPHONEOS_DEPLOYMENT_TARGET = 17.2;
				LOCALIZATION_PREFERS_STRING_CATALOGS = YES;
				MTL_ENABLE_DEBUG_INFO = INCLUDE_SOURCE;
				MTL_FAST_MATH = YES;
				ONLY_ACTIVE_ARCH = YES;
				SDKROOT = iphoneos;
				SWIFT_ACTIVE_COMPILATION_CONDITIONS = "DEBUG $(inherited)";
				SWIFT_OPTIMIZATION_LEVEL = "-Onone";
			};
			name = Debug;
		};
		74995C0D2B71198C00F16855 /* Release */ = {
			isa = XCBuildConfiguration;
			buildSettings = {
				ALWAYS_SEARCH_USER_PATHS = NO;
				ASSETCATALOG_COMPILER_GENERATE_SWIFT_ASSET_SYMBOL_EXTENSIONS = YES;
				CLANG_ANALYZER_NONNULL = YES;
				CLANG_ANALYZER_NUMBER_OBJECT_CONVERSION = YES_AGGRESSIVE;
				CLANG_CXX_LANGUAGE_STANDARD = "gnu++20";
				CLANG_ENABLE_MODULES = YES;
				CLANG_ENABLE_OBJC_ARC = YES;
				CLANG_ENABLE_OBJC_WEAK = YES;
				CLANG_WARN_BLOCK_CAPTURE_AUTORELEASING = YES;
				CLANG_WARN_BOOL_CONVERSION = YES;
				CLANG_WARN_COMMA = YES;
				CLANG_WARN_CONSTANT_CONVERSION = YES;
				CLANG_WARN_DEPRECATED_OBJC_IMPLEMENTATIONS = YES;
				CLANG_WARN_DIRECT_OBJC_ISA_USAGE = YES_ERROR;
				CLANG_WARN_DOCUMENTATION_COMMENTS = YES;
				CLANG_WARN_EMPTY_BODY = YES;
				CLANG_WARN_ENUM_CONVERSION = YES;
				CLANG_WARN_INFINITE_RECURSION = YES;
				CLANG_WARN_INT_CONVERSION = YES;
				CLANG_WARN_NON_LITERAL_NULL_CONVERSION = YES;
				CLANG_WARN_OBJC_IMPLICIT_RETAIN_SELF = YES;
				CLANG_WARN_OBJC_LITERAL_CONVERSION = YES;
				CLANG_WARN_OBJC_ROOT_CLASS = YES_ERROR;
				CLANG_WARN_QUOTED_INCLUDE_IN_FRAMEWORK_HEADER = YES;
				CLANG_WARN_RANGE_LOOP_ANALYSIS = YES;
				CLANG_WARN_STRICT_PROTOTYPES = YES;
				CLANG_WARN_SUSPICIOUS_MOVE = YES;
				CLANG_WARN_UNGUARDED_AVAILABILITY = YES_AGGRESSIVE;
				CLANG_WARN_UNREACHABLE_CODE = YES;
				CLANG_WARN__DUPLICATE_METHOD_MATCH = YES;
				COPY_PHASE_STRIP = NO;
				DEBUG_INFORMATION_FORMAT = "dwarf-with-dsym";
				ENABLE_NS_ASSERTIONS = NO;
				ENABLE_STRICT_OBJC_MSGSEND = YES;
				ENABLE_USER_SCRIPT_SANDBOXING = NO;
				GCC_C_LANGUAGE_STANDARD = gnu17;
				GCC_NO_COMMON_BLOCKS = YES;
				GCC_WARN_64_TO_32_BIT_CONVERSION = YES;
				GCC_WARN_ABOUT_RETURN_TYPE = YES_ERROR;
				GCC_WARN_UNDECLARED_SELECTOR = YES;
				GCC_WARN_UNINITIALIZED_AUTOS = YES_AGGRESSIVE;
				GCC_WARN_UNUSED_FUNCTION = YES;
				GCC_WARN_UNUSED_VARIABLE = YES;
				IPHONEOS_DEPLOYMENT_TARGET = 17.2;
				LOCALIZATION_PREFERS_STRING_CATALOGS = YES;
				MTL_ENABLE_DEBUG_INFO = NO;
				MTL_FAST_MATH = YES;
				SDKROOT = iphoneos;
				SWIFT_COMPILATION_MODE = wholemodule;
				VALIDATE_PRODUCT = YES;
			};
			name = Release;
		};
		74995C0F2B71198C00F16855 /* Debug */ = {
			isa = XCBuildConfiguration;
			baseConfigurationReference = 8B86500E25CC323173EF07DF /* Pods-TimeCanvas.debug.xcconfig */;
			buildSettings = {
				ASSETCATALOG_COMPILER_APPICON_NAME = AppIcon;
				ASSETCATALOG_COMPILER_GLOBAL_ACCENT_COLOR_NAME = AccentColor;
				CODE_SIGN_STYLE = Automatic;
				CURRENT_PROJECT_VERSION = 1;
				DEVELOPMENT_TEAM = U69A9BL6B7;
				GENERATE_INFOPLIST_FILE = YES;
				INFOPLIST_FILE = TimeCanvas/Info.plist;
				INFOPLIST_KEY_UIApplicationSupportsIndirectInputEvents = YES;
				INFOPLIST_KEY_UILaunchStoryboardName = LaunchScreen;
				INFOPLIST_KEY_UIMainStoryboardFile = Main;
				INFOPLIST_KEY_UISupportedInterfaceOrientations = "UIInterfaceOrientationLandscapeLeft UIInterfaceOrientationLandscapeRight UIInterfaceOrientationPortrait";
				INFOPLIST_KEY_UISupportedInterfaceOrientations_iPad = "UIInterfaceOrientationLandscapeLeft UIInterfaceOrientationLandscapeRight";
				LD_RUNPATH_SEARCH_PATHS = (
					"$(inherited)",
					"@executable_path/Frameworks",
				);
				MARKETING_VERSION = 1.0;
				PRODUCT_BUNDLE_IDENTIFIER = com.Jimmy.TimeCanvas;
				PRODUCT_NAME = "$(TARGET_NAME)";
				SUPPORTED_PLATFORMS = "iphoneos iphonesimulator";
				SUPPORTS_MACCATALYST = NO;
				SWIFT_EMIT_LOC_STRINGS = YES;
				SWIFT_VERSION = 5.0;
				TARGETED_DEVICE_FAMILY = 1;
			};
			name = Debug;
		};
		74995C102B71198C00F16855 /* Release */ = {
			isa = XCBuildConfiguration;
			baseConfigurationReference = C5C4D301BD0F30DBB79E8F2E /* Pods-TimeCanvas.release.xcconfig */;
			buildSettings = {
				ASSETCATALOG_COMPILER_APPICON_NAME = AppIcon;
				ASSETCATALOG_COMPILER_GLOBAL_ACCENT_COLOR_NAME = AccentColor;
				CODE_SIGN_STYLE = Automatic;
				CURRENT_PROJECT_VERSION = 1;
				DEVELOPMENT_TEAM = U69A9BL6B7;
				GENERATE_INFOPLIST_FILE = YES;
				INFOPLIST_FILE = TimeCanvas/Info.plist;
				INFOPLIST_KEY_UIApplicationSupportsIndirectInputEvents = YES;
				INFOPLIST_KEY_UILaunchStoryboardName = LaunchScreen;
				INFOPLIST_KEY_UIMainStoryboardFile = Main;
				INFOPLIST_KEY_UISupportedInterfaceOrientations = "UIInterfaceOrientationLandscapeLeft UIInterfaceOrientationLandscapeRight UIInterfaceOrientationPortrait";
				INFOPLIST_KEY_UISupportedInterfaceOrientations_iPad = "UIInterfaceOrientationLandscapeLeft UIInterfaceOrientationLandscapeRight";
				LD_RUNPATH_SEARCH_PATHS = (
					"$(inherited)",
					"@executable_path/Frameworks",
				);
				MARKETING_VERSION = 1.0;
				PRODUCT_BUNDLE_IDENTIFIER = com.Jimmy.TimeCanvas;
				PRODUCT_NAME = "$(TARGET_NAME)";
				SUPPORTED_PLATFORMS = "iphoneos iphonesimulator";
				SUPPORTS_MACCATALYST = NO;
				SWIFT_EMIT_LOC_STRINGS = YES;
				SWIFT_VERSION = 5.0;
				TARGETED_DEVICE_FAMILY = 1;
			};
			name = Release;
		};
/* End XCBuildConfiguration section */

/* Begin XCConfigurationList section */
		74995BF52B71198B00F16855 /* Build configuration list for PBXProject "TimeCanvas" */ = {
			isa = XCConfigurationList;
			buildConfigurations = (
				74995C0C2B71198C00F16855 /* Debug */,
				74995C0D2B71198C00F16855 /* Release */,
			);
			defaultConfigurationIsVisible = 0;
			defaultConfigurationName = Release;
		};
		74995C0E2B71198C00F16855 /* Build configuration list for PBXNativeTarget "TimeCanvas" */ = {
			isa = XCConfigurationList;
			buildConfigurations = (
				74995C0F2B71198C00F16855 /* Debug */,
				74995C102B71198C00F16855 /* Release */,
			);
			defaultConfigurationIsVisible = 0;
			defaultConfigurationName = Release;
		};
/* End XCConfigurationList section */
	};
	rootObject = 74995BF22B71198B00F16855 /* Project object */;
}
